# @generated by Move, please check-in and do not edit manually.

[move]
version = 2
manifest_digest = "AD2ED90D46FA33A54F16FD3575AFEDCEC4FFB1DC0F995F65CF7EC84EF57180CE"
deps_digest = "3C4103934B1E040BB6B23F1D610B4EF9F2F1166A50A104EADCF77467C004C600"
dependencies = [
  { name = "Amm" },
  { name = "Sui" },
]

[[move.package]]
name = "Amm"
source = { git = "https://github.com/PnD-labs/contracts.git", rev = "main", subdir = "amm" }

dependencies = [
  { name = "Sui" },
]

[[move.package]]
name = "MoveStdlib"
source = { git = "https://github.com/MystenLabs/sui.git", rev = "framework/testnet", subdir = "crates/sui-framework/packages/move-stdlib" }

[[move.package]]
name = "Sui"
source = { git = "https://github.com/MystenLabs/sui.git", rev = "framework/testnet", subdir = "crates/sui-framework/packages/sui-framework" }

dependencies = [
  { name = "MoveStdlib" },
]

[move.toolchain-version]
compiler-version = "1.26.0"
edition = "2024.beta"
flavor = "sui"

[env]

[env.testnet]
chain-id = "4c78adac"
original-published-id = "0x31e2bcef9cc44c273d56674704abe10ec40d2ff9dc5d1fd2b23db2784316c506"
latest-published-id = "0x31e2bcef9cc44c273d56674704abe10ec40d2ff9dc5d1fd2b23db2784316c506"
published-version = "1"

[env.devnet]
chain-id = "b3f81552"
original-published-id = "0xbbff2426e6dc75bc08da8cd03364d740adbd3fee94287a3a21015cbcbe70f90d"
latest-published-id = "0xbbff2426e6dc75bc08da8cd03364d740adbd3fee94287a3a21015cbcbe70f90d"
published-version = "1"
