# @generated by Move, please check-in and do not edit manually.

[move]
version = 2
manifest_digest = "359FC5EB4628F50F39F9FDDA099F064A20D114A0256608610811CF71639CB514"
deps_digest = "3C4103934B1E040BB6B23F1D610B4EF9F2F1166A50A104EADCF77467C004C600"
dependencies = [
  { name = "Amm" },
  { name = "Sui" },
]

[[move.package]]
name = "Amm"
source = { local = "../amm" }

dependencies = [
  { name = "Sui" },
]

[[move.package]]
name = "MoveStdlib"
source = { git = "https://github.com/MystenLabs/sui.git", rev = "framework/testnet", subdir = "crates/sui-framework/packages/move-stdlib" }

[[move.package]]
name = "Sui"
source = { git = "https://github.com/MystenLabs/sui.git", rev = "framework/testnet", subdir = "crates/sui-framework/packages/sui-framework" }

dependencies = [
  { name = "MoveStdlib" },
]

[move.toolchain-version]
compiler-version = "1.25.1"
edition = "2024.beta"
flavor = "sui"

[env]

[env.testnet]
chain-id = "4c78adac"
original-published-id = "0x039b7ebb40799733e0dec652856eca983e2d107f090e49462f7e6178e174f837"
latest-published-id = "0x039b7ebb40799733e0dec652856eca983e2d107f090e49462f7e6178e174f837"
published-version = "1"

[env.devnet]
chain-id = "b3f81552"
original-published-id = "0xbbff2426e6dc75bc08da8cd03364d740adbd3fee94287a3a21015cbcbe70f90d"
latest-published-id = "0xbbff2426e6dc75bc08da8cd03364d740adbd3fee94287a3a21015cbcbe70f90d"
published-version = "1"
